
Microsoft Visual Studio Solution File, Format Version 12.00
Project("{FAE04EC0-301F-11D3-BF4B-00C04F79EFBC}") = "Basket.API", "Basket.API\Basket.API.csproj", "{0EBFADD6-5E71-4682-8017-A8F071D49130}"
EndProject
Global
	GlobalSection(SolutionConfigurationPlatforms) = preSolution
		Debug|Any CPU = Debug|Any CPU
		Release|Any CPU = Release|Any CPU
	EndGlobalSection
	GlobalSection(ProjectConfigurationPlatforms) = postSolution
		{0EBFADD6-5E71-4682-8017-A8F071D49130}.Debug|Any CPU.ActiveCfg = Debug|Any CPU
		{0EBFADD6-5E71-4682-8017-A8F071D49130}.Debug|Any CPU.Build.0 = Debug|Any CPU
		{0EBFADD6-5E71-4682-8017-A8F071D49130}.Release|Any CPU.ActiveCfg = Release|Any CPU
		{0EBFADD6-5E71-4682-8017-A8F071D49130}.Release|Any CPU.Build.0 = Release|Any CPU
	EndGlobalSection
EndGlobal
